
Microsoft Visual Studio Solution File, Format Version 12.00
# Visual Studio Version 16
VisualStudioVersion = 16.0.30523.141
MinimumVisualStudioVersion = 10.0.40219.1
Project("{FAE04EC0-301F-11D3-BF4B-00C04F79EFBC}") = "authorization", "authorization\authorization.csproj", "{04DC6901-09EB-4E91-A1D6-B9E97C86948D}"
EndProject
Global
	GlobalSection(SolutionConfigurationPlatforms) = preSolution
		Debug|Any CPU = Debug|Any CPU
		Release|Any CPU = Release|Any CPU
	EndGlobalSection
	GlobalSection(ProjectConfigurationPlatforms) = postSolution
		{04DC6901-09EB-4E91-A1D6-B9E97C86948D}.Debug|Any CPU.ActiveCfg = Debug|Any CPU
		{04DC6901-09EB-4E91-A1D6-B9E97C86948D}.Debug|Any CPU.Build.0 = Debug|Any CPU
		{04DC6901-09EB-4E91-A1D6-B9E97C86948D}.Release|Any CPU.ActiveCfg = Release|Any CPU
		{04DC6901-09EB-4E91-A1D6-B9E97C86948D}.Release|Any CPU.Build.0 = Release|Any CPU
	EndGlobalSection
	GlobalSection(SolutionProperties) = preSolution
		HideSolutionNode = FALSE
	EndGlobalSection
	GlobalSection(ExtensibilityGlobals) = postSolution
		SolutionGuid = {E92B8E55-9FBF-4E5B-97BF-E4678FA905F8}
	EndGlobalSection
EndGlobal
